// !$*UTF8*$!
{
	archiveVersion = 1;
	classes = {
	};
	objectVersion = 46;
	objects = {

/* Begin PBXBuildFile section */
		36116C491518ED350007A301 /* UIKit.framework in Frameworks */ = {isa = PBXBuildFile; fileRef = 36116C481518ED350007A301 /* UIKit.framework */; };
		36116C4B1518ED350007A301 /* Foundation.framework in Frameworks */ = {isa = PBXBuildFile; fileRef = 36116C4A1518ED350007A301 /* Foundation.framework */; };
		36116C4D1518ED350007A301 /* CoreGraphics.framework in Frameworks */ = {isa = PBXBuildFile; fileRef = 36116C4C1518ED350007A301 /* CoreGraphics.framework */; };
		36116C531518ED350007A301 /* InfoPlist.strings in Resources */ = {isa = PBXBuildFile; fileRef = 36116C511518ED350007A301 /* InfoPlist.strings */; };
		36116C551518ED350007A301 /* main.m in Sources */ = {isa = PBXBuildFile; fileRef = 36116C541518ED350007A301 /* main.m */; };
		36116C591518ED350007A301 /* AppDelegate.m in Sources */ = {isa = PBXBuildFile; fileRef = 36116C581518ED350007A301 /* AppDelegate.m */; };
		362A99EA1519E50C00A390D4 /* WaazAppLogo.png in Resources */ = {isa = PBXBuildFile; fileRef = 362A99E81519E50C00A390D4 /* WaazAppLogo.png */; };
		362A99EB1519E50C00A390D4 /* WaazAppRetina.png in Resources */ = {isa = PBXBuildFile; fileRef = 362A99E91519E50C00A390D4 /* WaazAppRetina.png */; };
		362A99F31519E57500A390D4 /* WorkOutRoutines.m in Sources */ = {isa = PBXBuildFile; fileRef = 362A99F11519E57500A390D4 /* WorkOutRoutines.m */; };
		362A99F41519E57500A390D4 /* WorkOutRoutines.xib in Resources */ = {isa = PBXBuildFile; fileRef = 362A99F21519E57500A390D4 /* WorkOutRoutines.xib */; };
		362A99F91519EBFC00A390D4 /* WeightManagementCardio.m in Sources */ = {isa = PBXBuildFile; fileRef = 362A99F71519EBFC00A390D4 /* WeightManagementCardio.m */; };
		362A99FA1519EBFC00A390D4 /* WeightManagementCardio.xib in Resources */ = {isa = PBXBuildFile; fileRef = 362A99F81519EBFC00A390D4 /* WeightManagementCardio.xib */; };
		362A9A011519FCE100A390D4 /* TestFormattingClass.m in Sources */ = {isa = PBXBuildFile; fileRef = 362A9A001519FCE100A390D4 /* TestFormattingClass.m */; };
		362A9A031519FFE100A390D4 /* QuartzCore.framework in Frameworks */ = {isa = PBXBuildFile; fileRef = 362A9A021519FFE100A390D4 /* QuartzCore.framework */; };
		362A9A0D151A0FE100A390D4 /* iAd.framework in Frameworks */ = {isa = PBXBuildFile; fileRef = 362A9A0C151A0FE100A390D4 /* iAd.framework */; };
		362A9A10151A135700A390D4 /* UnCheck.png in Resources */ = {isa = PBXBuildFile; fileRef = 362A9A0E151A135700A390D4 /* UnCheck.png */; };
		362A9A11151A135700A390D4 /* Check.png in Resources */ = {isa = PBXBuildFile; fileRef = 362A9A0F151A135700A390D4 /* Check.png */; };
		362A9A16151A175000A390D4 /* CardioWorkout.m in Sources */ = {isa = PBXBuildFile; fileRef = 362A9A14151A175000A390D4 /* CardioWorkout.m */; };
		362A9A17151A175000A390D4 /* CardioWorkout.xib in Resources */ = {isa = PBXBuildFile; fileRef = 362A9A15151A175000A390D4 /* CardioWorkout.xib */; };
		36994F1C151C793C00D9CD0D /* AboutWaazApp.m in Sources */ = {isa = PBXBuildFile; fileRef = 36994F1A151C793C00D9CD0D /* AboutWaazApp.m */; };
		36994F1D151C793C00D9CD0D /* AboutWaazApp.xib in Resources */ = {isa = PBXBuildFile; fileRef = 36994F1B151C793C00D9CD0D /* AboutWaazApp.xib */; };
		36994F23151C79AD00D9CD0D /* ForgotPassword.m in Sources */ = {isa = PBXBuildFile; fileRef = 36994F21151C79AD00D9CD0D /* ForgotPassword.m */; };
		36994F24151C79AD00D9CD0D /* ForgotPassword.xib in Resources */ = {isa = PBXBuildFile; fileRef = 36994F22151C79AD00D9CD0D /* ForgotPassword.xib */; };
		36994F29151C79D600D9CD0D /* GymLocatorViewController.m in Sources */ = {isa = PBXBuildFile; fileRef = 36994F27151C79D600D9CD0D /* GymLocatorViewController.m */; };
		36994F2A151C79D600D9CD0D /* GymLocatorViewController.xib in Resources */ = {isa = PBXBuildFile; fileRef = 36994F28151C79D600D9CD0D /* GymLocatorViewController.xib */; };
		36994F2F151C79F800D9CD0D /* LetsGetStarted.m in Sources */ = {isa = PBXBuildFile; fileRef = 36994F2D151C79F800D9CD0D /* LetsGetStarted.m */; };
		36994F30151C79F800D9CD0D /* LetsGetStarted.xib in Resources */ = {isa = PBXBuildFile; fileRef = 36994F2E151C79F800D9CD0D /* LetsGetStarted.xib */; };
		36994F35151C7A1500D9CD0D /* LoginView.m in Sources */ = {isa = PBXBuildFile; fileRef = 36994F33151C7A1500D9CD0D /* LoginView.m */; };
		36994F36151C7A1500D9CD0D /* LoginView.xib in Resources */ = {isa = PBXBuildFile; fileRef = 36994F34151C7A1500D9CD0D /* LoginView.xib */; };
		36994F3B151C7A4300D9CD0D /* MINetworkViewController.m in Sources */ = {isa = PBXBuildFile; fileRef = 36994F39151C7A4300D9CD0D /* MINetworkViewController.m */; };
		36994F3C151C7A4300D9CD0D /* MINetworkViewController.xib in Resources */ = {isa = PBXBuildFile; fileRef = 36994F3A151C7A4300D9CD0D /* MINetworkViewController.xib */; };
		36994F41151C7A6700D9CD0D /* NetworkToFBViewController.m in Sources */ = {isa = PBXBuildFile; fileRef = 36994F3F151C7A6700D9CD0D /* NetworkToFBViewController.m */; };
		36994F42151C7A6700D9CD0D /* NetworkToFBViewController.xib in Resources */ = {isa = PBXBuildFile; fileRef = 36994F40151C7A6700D9CD0D /* NetworkToFBViewController.xib */; };
		36994F47151C7A8300D9CD0D /* PokeFriendViewController.m in Sources */ = {isa = PBXBuildFile; fileRef = 36994F45151C7A8300D9CD0D /* PokeFriendViewController.m */; };
		36994F48151C7A8300D9CD0D /* PokeFriendViewController.xib in Resources */ = {isa = PBXBuildFile; fileRef = 36994F46151C7A8300D9CD0D /* PokeFriendViewController.xib */; };
		36994F4D151C7ABA00D9CD0D /* UpdatingPage.m in Sources */ = {isa = PBXBuildFile; fileRef = 36994F4B151C7ABA00D9CD0D /* UpdatingPage.m */; };
		36994F4E151C7ABA00D9CD0D /* UpdatingPage.xib in Resources */ = {isa = PBXBuildFile; fileRef = 36994F4C151C7ABA00D9CD0D /* UpdatingPage.xib */; };
		36994F53151C7E2000D9CD0D /* UpdateStatistics.m in Sources */ = {isa = PBXBuildFile; fileRef = 36994F51151C7E2000D9CD0D /* UpdateStatistics.m */; };
		36994F54151C7E2000D9CD0D /* UpdateStatistics.xib in Resources */ = {isa = PBXBuildFile; fileRef = 36994F52151C7E2000D9CD0D /* UpdateStatistics.xib */; };
		36994F59151C7E3C00D9CD0D /* UserRegistration.m in Sources */ = {isa = PBXBuildFile; fileRef = 36994F57151C7E3C00D9CD0D /* UserRegistration.m */; };
		36994F5A151C7E3C00D9CD0D /* UserRegistration.xib in Resources */ = {isa = PBXBuildFile; fileRef = 36994F58151C7E3C00D9CD0D /* UserRegistration.xib */; };
		36994F5F151C7E5C00D9CD0D /* WhoIsNearViewController.m in Sources */ = {isa = PBXBuildFile; fileRef = 36994F5D151C7E5C00D9CD0D /* WhoIsNearViewController.m */; };
		36994F60151C7E5C00D9CD0D /* WhoIsNearViewController.xib in Resources */ = {isa = PBXBuildFile; fileRef = 36994F5E151C7E5C00D9CD0D /* WhoIsNearViewController.xib */; };
		A15B5E4E15199CE5000BD308 /* SplashScreen.m in Sources */ = {isa = PBXBuildFile; fileRef = A15B5E4C15199CE5000BD308 /* SplashScreen.m */; };
		A15B5E4F15199CE5000BD308 /* SplashScreen.xib in Resources */ = {isa = PBXBuildFile; fileRef = A15B5E4D15199CE5000BD308 /* SplashScreen.xib */; };
/* End PBXBuildFile section */

/* Begin PBXFileReference section */
		36116C441518ED350007A301 /* SoFit.app */ = {isa = PBXFileReference; explicitFileType = wrapper.application; includeInIndex = 0; path = SoFit.app; sourceTree = BUILT_PRODUCTS_DIR; };
		36116C481518ED350007A301 /* UIKit.framework */ = {isa = PBXFileReference; lastKnownFileType = wrapper.framework; name = UIKit.framework; path = System/Library/Frameworks/UIKit.framework; sourceTree = SDKROOT; };
		36116C4A1518ED350007A301 /* Foundation.framework */ = {isa = PBXFileReference; lastKnownFileType = wrapper.framework; name = Foundation.framework; path = System/Library/Frameworks/Foundation.framework; sourceTree = SDKROOT; };
		36116C4C1518ED350007A301 /* CoreGraphics.framework */ = {isa = PBXFileReference; lastKnownFileType = wrapper.framework; name = CoreGraphics.framework; path = System/Library/Frameworks/CoreGraphics.framework; sourceTree = SDKROOT; };
		36116C501518ED350007A301 /* SoFit-Info.plist */ = {isa = PBXFileReference; lastKnownFileType = text.plist.xml; path = "SoFit-Info.plist"; sourceTree = "<group>"; };
		36116C521518ED350007A301 /* en */ = {isa = PBXFileReference; lastKnownFileType = text.plist.strings; name = en; path = en.lproj/InfoPlist.strings; sourceTree = "<group>"; };
		36116C541518ED350007A301 /* main.m */ = {isa = PBXFileReference; lastKnownFileType = sourcecode.c.objc; path = main.m; sourceTree = "<group>"; };
		36116C561518ED350007A301 /* SoFit-Prefix.pch */ = {isa = PBXFileReference; lastKnownFileType = sourcecode.c.h; path = "SoFit-Prefix.pch"; sourceTree = "<group>"; };
		36116C571518ED350007A301 /* AppDelegate.h */ = {isa = PBXFileReference; lastKnownFileType = sourcecode.c.h; path = AppDelegate.h; sourceTree = "<group>"; };
		36116C581518ED350007A301 /* AppDelegate.m */ = {isa = PBXFileReference; lastKnownFileType = sourcecode.c.objc; path = AppDelegate.m; sourceTree = "<group>"; };
		362A99E81519E50C00A390D4 /* WaazAppLogo.png */ = {isa = PBXFileReference; lastKnownFileType = image.png; name = WaazAppLogo.png; path = SoFit/Images/WaazAppLogo.png; sourceTree = "<group>"; };
		362A99E91519E50C00A390D4 /* WaazAppRetina.png */ = {isa = PBXFileReference; lastKnownFileType = image.png; name = WaazAppRetina.png; path = SoFit/Images/WaazAppRetina.png; sourceTree = "<group>"; };
		362A99F01519E57500A390D4 /* WorkOutRoutines.h */ = {isa = PBXFileReference; fileEncoding = 4; lastKnownFileType = sourcecode.c.h; name = WorkOutRoutines.h; path = SoFit/WorkOutRoutines/WorkOutRoutines.h; sourceTree = "<group>"; };
		362A99F11519E57500A390D4 /* WorkOutRoutines.m */ = {isa = PBXFileReference; fileEncoding = 4; lastKnownFileType = sourcecode.c.objc; name = WorkOutRoutines.m; path = SoFit/WorkOutRoutines/WorkOutRoutines.m; sourceTree = "<group>"; };
		362A99F21519E57500A390D4 /* WorkOutRoutines.xib */ = {isa = PBXFileReference; fileEncoding = 4; lastKnownFileType = file.xib; name = WorkOutRoutines.xib; path = SoFit/WorkOutRoutines/WorkOutRoutines.xib; sourceTree = "<group>"; };
		362A99F61519EBFC00A390D4 /* WeightManagementCardio.h */ = {isa = PBXFileReference; fileEncoding = 4; lastKnownFileType = sourcecode.c.h; name = WeightManagementCardio.h; path = "SoFit/WeightManagement:Cardio/WeightManagementCardio.h"; sourceTree = "<group>"; };
		362A99F71519EBFC00A390D4 /* WeightManagementCardio.m */ = {isa = PBXFileReference; fileEncoding = 4; lastKnownFileType = sourcecode.c.objc; name = WeightManagementCardio.m; path = "SoFit/WeightManagement:Cardio/WeightManagementCardio.m"; sourceTree = "<group>"; };
		362A99F81519EBFC00A390D4 /* WeightManagementCardio.xib */ = {isa = PBXFileReference; fileEncoding = 4; lastKnownFileType = file.xib; name = WeightManagementCardio.xib; path = "SoFit/WeightManagement:Cardio/WeightManagementCardio.xib"; sourceTree = "<group>"; };
		362A99FF1519FCE100A390D4 /* TestFormattingClass.h */ = {isa = PBXFileReference; fileEncoding = 4; lastKnownFileType = sourcecode.c.h; name = TestFormattingClass.h; path = SoFit/ObjectClassFiles/TestFormattingClass.h; sourceTree = "<group>"; };
		362A9A001519FCE100A390D4 /* TestFormattingClass.m */ = {isa = PBXFileReference; fileEncoding = 4; lastKnownFileType = sourcecode.c.objc; name = TestFormattingClass.m; path = SoFit/ObjectClassFiles/TestFormattingClass.m; sourceTree = "<group>"; };
		362A9A021519FFE100A390D4 /* QuartzCore.framework */ = {isa = PBXFileReference; lastKnownFileType = wrapper.framework; name = QuartzCore.framework; path = System/Library/Frameworks/QuartzCore.framework; sourceTree = SDKROOT; };
		362A9A0C151A0FE100A390D4 /* iAd.framework */ = {isa = PBXFileReference; lastKnownFileType = wrapper.framework; name = iAd.framework; path = System/Library/Frameworks/iAd.framework; sourceTree = SDKROOT; };
		362A9A0E151A135700A390D4 /* UnCheck.png */ = {isa = PBXFileReference; lastKnownFileType = image.png; name = UnCheck.png; path = SoFit/Images/UnCheck.png; sourceTree = "<group>"; };
		362A9A0F151A135700A390D4 /* Check.png */ = {isa = PBXFileReference; lastKnownFileType = image.png; name = Check.png; path = SoFit/Images/Check.png; sourceTree = "<group>"; };
		362A9A13151A175000A390D4 /* CardioWorkout.h */ = {isa = PBXFileReference; fileEncoding = 4; lastKnownFileType = sourcecode.c.h; name = CardioWorkout.h; path = SoFit/CardioWorkout/CardioWorkout.h; sourceTree = "<group>"; };
		362A9A14151A175000A390D4 /* CardioWorkout.m */ = {isa = PBXFileReference; fileEncoding = 4; lastKnownFileType = sourcecode.c.objc; name = CardioWorkout.m; path = SoFit/CardioWorkout/CardioWorkout.m; sourceTree = "<group>"; };
		362A9A15151A175000A390D4 /* CardioWorkout.xib */ = {isa = PBXFileReference; fileEncoding = 4; lastKnownFileType = file.xib; name = CardioWorkout.xib; path = SoFit/CardioWorkout/CardioWorkout.xib; sourceTree = "<group>"; };
		36994F19151C793C00D9CD0D /* AboutWaazApp.h */ = {isa = PBXFileReference; fileEncoding = 4; lastKnownFileType = sourcecode.c.h; name = AboutWaazApp.h; path = "SoFit/About WaazApp/AboutWaazApp.h"; sourceTree = "<group>"; };
		36994F1A151C793C00D9CD0D /* AboutWaazApp.m */ = {isa = PBXFileReference; fileEncoding = 4; lastKnownFileType = sourcecode.c.objc; name = AboutWaazApp.m; path = "SoFit/About WaazApp/AboutWaazApp.m"; sourceTree = "<group>"; };
		36994F1B151C793C00D9CD0D /* AboutWaazApp.xib */ = {isa = PBXFileReference; fileEncoding = 4; lastKnownFileType = file.xib; name = AboutWaazApp.xib; path = "SoFit/About WaazApp/AboutWaazApp.xib"; sourceTree = "<group>"; };
		36994F20151C79AD00D9CD0D /* ForgotPassword.h */ = {isa = PBXFileReference; fileEncoding = 4; lastKnownFileType = sourcecode.c.h; name = ForgotPassword.h; path = "SoFit/Forget passsword/ForgotPassword.h"; sourceTree = "<group>"; };
		36994F21151C79AD00D9CD0D /* ForgotPassword.m */ = {isa = PBXFileReference; fileEncoding = 4; lastKnownFileType = sourcecode.c.objc; name = ForgotPassword.m; path = "SoFit/Forget passsword/ForgotPassword.m"; sourceTree = "<group>"; };
		36994F22151C79AD00D9CD0D /* ForgotPassword.xib */ = {isa = PBXFileReference; fileEncoding = 4; lastKnownFileType = file.xib; name = ForgotPassword.xib; path = "SoFit/Forget passsword/ForgotPassword.xib"; sourceTree = "<group>"; };
		36994F26151C79D600D9CD0D /* GymLocatorViewController.h */ = {isa = PBXFileReference; fileEncoding = 4; lastKnownFileType = sourcecode.c.h; name = GymLocatorViewController.h; path = "SoFit/Gym Locator/GymLocatorViewController.h"; sourceTree = "<group>"; };
		36994F27151C79D600D9CD0D /* GymLocatorViewController.m */ = {isa = PBXFileReference; fileEncoding = 4; lastKnownFileType = sourcecode.c.objc; name = GymLocatorViewController.m; path = "SoFit/Gym Locator/GymLocatorViewController.m"; sourceTree = "<group>"; };
		36994F28151C79D600D9CD0D /* GymLocatorViewController.xib */ = {isa = PBXFileReference; fileEncoding = 4; lastKnownFileType = file.xib; name = GymLocatorViewController.xib; path = "SoFit/Gym Locator/GymLocatorViewController.xib"; sourceTree = "<group>"; };
		36994F2C151C79F800D9CD0D /* LetsGetStarted.h */ = {isa = PBXFileReference; fileEncoding = 4; lastKnownFileType = sourcecode.c.h; name = LetsGetStarted.h; path = "SoFit/Lets Get Started/LetsGetStarted.h"; sourceTree = "<group>"; };
		36994F2D151C79F800D9CD0D /* LetsGetStarted.m */ = {isa = PBXFileReference; fileEncoding = 4; lastKnownFileType = sourcecode.c.objc; name = LetsGetStarted.m; path = "SoFit/Lets Get Started/LetsGetStarted.m"; sourceTree = "<group>"; };
		36994F2E151C79F800D9CD0D /* LetsGetStarted.xib */ = {isa = PBXFileReference; fileEncoding = 4; lastKnownFileType = file.xib; name = LetsGetStarted.xib; path = "SoFit/Lets Get Started/LetsGetStarted.xib"; sourceTree = "<group>"; };
		36994F32151C7A1500D9CD0D /* LoginView.h */ = {isa = PBXFileReference; fileEncoding = 4; lastKnownFileType = sourcecode.c.h; name = LoginView.h; path = SoFit/LoginView.h; sourceTree = "<group>"; };
		36994F33151C7A1500D9CD0D /* LoginView.m */ = {isa = PBXFileReference; fileEncoding = 4; lastKnownFileType = sourcecode.c.objc; name = LoginView.m; path = SoFit/LoginView.m; sourceTree = "<group>"; };
		36994F34151C7A1500D9CD0D /* LoginView.xib */ = {isa = PBXFileReference; fileEncoding = 4; lastKnownFileType = file.xib; name = LoginView.xib; path = SoFit/LoginView.xib; sourceTree = "<group>"; };
		36994F38151C7A4300D9CD0D /* MINetworkViewController.h */ = {isa = PBXFileReference; fileEncoding = 4; lastKnownFileType = sourcecode.c.h; name = MINetworkViewController.h; path = "SoFit/My Network/MINetworkViewController.h"; sourceTree = "<group>"; };
		36994F39151C7A4300D9CD0D /* MINetworkViewController.m */ = {isa = PBXFileReference; fileEncoding = 4; lastKnownFileType = sourcecode.c.objc; name = MINetworkViewController.m; path = "SoFit/My Network/MINetworkViewController.m"; sourceTree = "<group>"; };
		36994F3A151C7A4300D9CD0D /* MINetworkViewController.xib */ = {isa = PBXFileReference; fileEncoding = 4; lastKnownFileType = file.xib; name = MINetworkViewController.xib; path = "SoFit/My Network/MINetworkViewController.xib"; sourceTree = "<group>"; };
		36994F3E151C7A6700D9CD0D /* NetworkToFBViewController.h */ = {isa = PBXFileReference; fileEncoding = 4; lastKnownFileType = sourcecode.c.h; name = NetworkToFBViewController.h; path = "SoFit/Network to FB/NetworkToFBViewController.h"; sourceTree = "<group>"; };
		36994F3F151C7A6700D9CD0D /* NetworkToFBViewController.m */ = {isa = PBXFileReference; fileEncoding = 4; lastKnownFileType = sourcecode.c.objc; name = NetworkToFBViewController.m; path = "SoFit/Network to FB/NetworkToFBViewController.m"; sourceTree = "<group>"; };
		36994F40151C7A6700D9CD0D /* NetworkToFBViewController.xib */ = {isa = PBXFileReference; fileEncoding = 4; lastKnownFileType = file.xib; name = NetworkToFBViewController.xib; path = "SoFit/Network to FB/NetworkToFBViewController.xib"; sourceTree = "<group>"; };
		36994F44151C7A8300D9CD0D /* PokeFriendViewController.h */ = {isa = PBXFileReference; fileEncoding = 4; lastKnownFileType = sourcecode.c.h; name = PokeFriendViewController.h; path = "SoFit/Poke Friends/PokeFriendViewController.h"; sourceTree = "<group>"; };
		36994F45151C7A8300D9CD0D /* PokeFriendViewController.m */ = {isa = PBXFileReference; fileEncoding = 4; lastKnownFileType = sourcecode.c.objc; name = PokeFriendViewController.m; path = "SoFit/Poke Friends/PokeFriendViewController.m"; sourceTree = "<group>"; };
		36994F46151C7A8300D9CD0D /* PokeFriendViewController.xib */ = {isa = PBXFileReference; fileEncoding = 4; lastKnownFileType = file.xib; name = PokeFriendViewController.xib; path = "SoFit/Poke Friends/PokeFriendViewController.xib"; sourceTree = "<group>"; };
		36994F4A151C7ABA00D9CD0D /* UpdatingPage.h */ = {isa = PBXFileReference; fileEncoding = 4; lastKnownFileType = sourcecode.c.h; name = UpdatingPage.h; path = "SoFit/Update Screen/UpdatingPage.h"; sourceTree = "<group>"; };
		36994F4B151C7ABA00D9CD0D /* UpdatingPage.m */ = {isa = PBXFileReference; fileEncoding = 4; lastKnownFileType = sourcecode.c.objc; name = UpdatingPage.m; path = "SoFit/Update Screen/UpdatingPage.m"; sourceTree = "<group>"; };
		36994F4C151C7ABA00D9CD0D /* UpdatingPage.xib */ = {isa = PBXFileReference; fileEncoding = 4; lastKnownFileType = file.xib; name = UpdatingPage.xib; path = "SoFit/Update Screen/UpdatingPage.xib"; sourceTree = "<group>"; };
		36994F50151C7E2000D9CD0D /* UpdateStatistics.h */ = {isa = PBXFileReference; fileEncoding = 4; lastKnownFileType = sourcecode.c.h; name = UpdateStatistics.h; path = "SoFit/Update Statistics/UpdateStatistics.h"; sourceTree = "<group>"; };
		36994F51151C7E2000D9CD0D /* UpdateStatistics.m */ = {isa = PBXFileReference; fileEncoding = 4; lastKnownFileType = sourcecode.c.objc; name = UpdateStatistics.m; path = "SoFit/Update Statistics/UpdateStatistics.m"; sourceTree = "<group>"; };
		36994F52151C7E2000D9CD0D /* UpdateStatistics.xib */ = {isa = PBXFileReference; fileEncoding = 4; lastKnownFileType = file.xib; name = UpdateStatistics.xib; path = "SoFit/Update Statistics/UpdateStatistics.xib"; sourceTree = "<group>"; };
		36994F56151C7E3C00D9CD0D /* UserRegistration.h */ = {isa = PBXFileReference; fileEncoding = 4; lastKnownFileType = sourcecode.c.h; name = UserRegistration.h; path = "SoFit/User Regisstration/UserRegistration.h"; sourceTree = "<group>"; };
		36994F57151C7E3C00D9CD0D /* UserRegistration.m */ = {isa = PBXFileReference; fileEncoding = 4; lastKnownFileType = sourcecode.c.objc; name = UserRegistration.m; path = "SoFit/User Regisstration/UserRegistration.m"; sourceTree = "<group>"; };
		36994F58151C7E3C00D9CD0D /* UserRegistration.xib */ = {isa = PBXFileReference; fileEncoding = 4; lastKnownFileType = file.xib; name = UserRegistration.xib; path = "SoFit/User Regisstration/UserRegistration.xib"; sourceTree = "<group>"; };
		36994F5C151C7E5C00D9CD0D /* WhoIsNearViewController.h */ = {isa = PBXFileReference; fileEncoding = 4; lastKnownFileType = sourcecode.c.h; name = WhoIsNearViewController.h; path = "SoFit/Who is Near/WhoIsNearViewController.h"; sourceTree = "<group>"; };
		36994F5D151C7E5C00D9CD0D /* WhoIsNearViewController.m */ = {isa = PBXFileReference; fileEncoding = 4; lastKnownFileType = sourcecode.c.objc; name = WhoIsNearViewController.m; path = "SoFit/Who is Near/WhoIsNearViewController.m"; sourceTree = "<group>"; };
		36994F5E151C7E5C00D9CD0D /* WhoIsNearViewController.xib */ = {isa = PBXFileReference; fileEncoding = 4; lastKnownFileType = file.xib; name = WhoIsNearViewController.xib; path = "SoFit/Who is Near/WhoIsNearViewController.xib"; sourceTree = "<group>"; };
		A15B5E4B15199CE5000BD308 /* SplashScreen.h */ = {isa = PBXFileReference; fileEncoding = 4; lastKnownFileType = sourcecode.c.h; name = SplashScreen.h; path = SoFit/SplashScreen.h; sourceTree = "<group>"; };
		A15B5E4C15199CE5000BD308 /* SplashScreen.m */ = {isa = PBXFileReference; fileEncoding = 4; lastKnownFileType = sourcecode.c.objc; name = SplashScreen.m; path = SoFit/SplashScreen.m; sourceTree = "<group>"; };
		A15B5E4D15199CE5000BD308 /* SplashScreen.xib */ = {isa = PBXFileReference; fileEncoding = 4; lastKnownFileType = file.xib; name = SplashScreen.xib; path = SoFit/SplashScreen.xib; sourceTree = "<group>"; };
/* End PBXFileReference section */

/* Begin PBXFrameworksBuildPhase section */
		36116C411518ED350007A301 /* Frameworks */ = {
			isa = PBXFrameworksBuildPhase;
			buildActionMask = 2147483647;
			files = (
				362A9A0D151A0FE100A390D4 /* iAd.framework in Frameworks */,
				362A9A031519FFE100A390D4 /* QuartzCore.framework in Frameworks */,
				36116C491518ED350007A301 /* UIKit.framework in Frameworks */,
				36116C4B1518ED350007A301 /* Foundation.framework in Frameworks */,
				36116C4D1518ED350007A301 /* CoreGraphics.framework in Frameworks */,
			);
			runOnlyForDeploymentPostprocessing = 0;
		};
/* End PBXFrameworksBuildPhase section */

/* Begin PBXGroup section */
		36116C391518ED340007A301 = {
			isa = PBXGroup;
			children = (
				36994F5B151C7E4D00D9CD0D /* WhoIsNear */,
				36994F55151C7E2A00D9CD0D /* UserRegistration */,
				36994F4F151C7AC200D9CD0D /* UpdateStatistics */,
				36994F49151C7AA900D9CD0D /* UpdateScreen */,
				36994F43151C7A6D00D9CD0D /* PokeFriends */,
				36994F3D151C7A4F00D9CD0D /* NetworkToFB */,
				36994F37151C7A3000D9CD0D /* MyNetwork */,
				36994F31151C7A0400D9CD0D /* Loginview */,
				36994F2B151C79E600D9CD0D /* LetsGetStarted */,
				36994F25151C79C100D9CD0D /* Gym Locator */,
				36994F1F151C797A00D9CD0D /* ForgotPassword */,
				36994F14151C785700D9CD0D /* AboutWaazApp */,
				362A9A12151A16EA00A390D4 /* SelectedCardio */,
				362A99FE1519FCAB00A390D4 /* ObjectClassFiles */,
				362A99F51519EBCB00A390D4 /* WeightManagement/Cardio */,
				362A99E51519E45500A390D4 /* Images */,
				362A99E31519E44200A390D4 /* WorkOutRoutines */,
				36116C4E1518ED350007A301 /* SoFit */,
				A15B5E5115199CF0000BD308 /* SplashScreen */,
				36116C471518ED350007A301 /* Frameworks */,
				36116C451518ED350007A301 /* Products */,
			);
			sourceTree = "<group>";
		};
		36116C451518ED350007A301 /* Products */ = {
			isa = PBXGroup;
			children = (
				36116C441518ED350007A301 /* SoFit.app */,
			);
			name = Products;
			sourceTree = "<group>";
		};
		36116C471518ED350007A301 /* Frameworks */ = {
			isa = PBXGroup;
			children = (
				362A9A0C151A0FE100A390D4 /* iAd.framework */,
				362A9A021519FFE100A390D4 /* QuartzCore.framework */,
				36116C481518ED350007A301 /* UIKit.framework */,
				36116C4A1518ED350007A301 /* Foundation.framework */,
				36116C4C1518ED350007A301 /* CoreGraphics.framework */,
			);
			name = Frameworks;
			sourceTree = "<group>";
		};
		36116C4E1518ED350007A301 /* SoFit */ = {
			isa = PBXGroup;
			children = (
				36116C571518ED350007A301 /* AppDelegate.h */,
				36116C581518ED350007A301 /* AppDelegate.m */,
				36116C4F1518ED350007A301 /* Supporting Files */,
			);
			path = SoFit;
			sourceTree = "<group>";
		};
		36116C4F1518ED350007A301 /* Supporting Files */ = {
			isa = PBXGroup;
			children = (
				36116C501518ED350007A301 /* SoFit-Info.plist */,
				36116C511518ED350007A301 /* InfoPlist.strings */,
				36116C541518ED350007A301 /* main.m */,
				36116C561518ED350007A301 /* SoFit-Prefix.pch */,
			);
			name = "Supporting Files";
			sourceTree = "<group>";
		};
		362A99E31519E44200A390D4 /* WorkOutRoutines */ = {
			isa = PBXGroup;
			children = (
				362A99F01519E57500A390D4 /* WorkOutRoutines.h */,
				362A99F11519E57500A390D4 /* WorkOutRoutines.m */,
				362A99F21519E57500A390D4 /* WorkOutRoutines.xib */,
			);
			name = WorkOutRoutines;
			sourceTree = "<group>";
		};
		362A99E51519E45500A390D4 /* Images */ = {
			isa = PBXGroup;
			children = (
				362A9A0E151A135700A390D4 /* UnCheck.png */,
				362A9A0F151A135700A390D4 /* Check.png */,
				362A99E81519E50C00A390D4 /* WaazAppLogo.png */,
				362A99E91519E50C00A390D4 /* WaazAppRetina.png */,
			);
			name = Images;
			sourceTree = "<group>";
		};
		362A99F51519EBCB00A390D4 /* WeightManagement/Cardio */ = {
			isa = PBXGroup;
			children = (
				362A99F61519EBFC00A390D4 /* WeightManagementCardio.h */,
				362A99F71519EBFC00A390D4 /* WeightManagementCardio.m */,
				362A99F81519EBFC00A390D4 /* WeightManagementCardio.xib */,
			);
			name = WeightManagement/Cardio;
			sourceTree = "<group>";
		};
		362A99FE1519FCAB00A390D4 /* ObjectClassFiles */ = {
			isa = PBXGroup;
			children = (
				362A99FF1519FCE100A390D4 /* TestFormattingClass.h */,
				362A9A001519FCE100A390D4 /* TestFormattingClass.m */,
			);
			name = ObjectClassFiles;
			sourceTree = "<group>";
		};
		362A9A12151A16EA00A390D4 /* SelectedCardio */ = {
			isa = PBXGroup;
			children = (
				362A9A13151A175000A390D4 /* CardioWorkout.h */,
				362A9A14151A175000A390D4 /* CardioWorkout.m */,
				362A9A15151A175000A390D4 /* CardioWorkout.xib */,
			);
			name = SelectedCardio;
			sourceTree = "<group>";
		};
		36994F14151C785700D9CD0D /* AboutWaazApp */ = {
			isa = PBXGroup;
			children = (
				36994F19151C793C00D9CD0D /* AboutWaazApp.h */,
				36994F1A151C793C00D9CD0D /* AboutWaazApp.m */,
				36994F1B151C793C00D9CD0D /* AboutWaazApp.xib */,
			);
			name = AboutWaazApp;
			sourceTree = "<group>";
		};
		36994F1F151C797A00D9CD0D /* ForgotPassword */ = {
			isa = PBXGroup;
			children = (
				36994F20151C79AD00D9CD0D /* ForgotPassword.h */,
				36994F21151C79AD00D9CD0D /* ForgotPassword.m */,
				36994F22151C79AD00D9CD0D /* ForgotPassword.xib */,
			);
			name = ForgotPassword;
			sourceTree = "<group>";
		};
		36994F25151C79C100D9CD0D /* Gym Locator */ = {
			isa = PBXGroup;
			children = (
				36994F26151C79D600D9CD0D /* GymLocatorViewController.h */,
				36994F27151C79D600D9CD0D /* GymLocatorViewController.m */,
				36994F28151C79D600D9CD0D /* GymLocatorViewController.xib */,
			);
			name = "Gym Locator";
			sourceTree = "<group>";
		};
		36994F2B151C79E600D9CD0D /* LetsGetStarted */ = {
			isa = PBXGroup;
			children = (
				36994F2C151C79F800D9CD0D /* LetsGetStarted.h */,
				36994F2D151C79F800D9CD0D /* LetsGetStarted.m */,
				36994F2E151C79F800D9CD0D /* LetsGetStarted.xib */,
			);
			name = LetsGetStarted;
			sourceTree = "<group>";
		};
		36994F31151C7A0400D9CD0D /* Loginview */ = {
			isa = PBXGroup;
			children = (
				36994F32151C7A1500D9CD0D /* LoginView.h */,
				36994F33151C7A1500D9CD0D /* LoginView.m */,
				36994F34151C7A1500D9CD0D /* LoginView.xib */,
			);
			name = Loginview;
			sourceTree = "<group>";
		};
		36994F37151C7A3000D9CD0D /* MyNetwork */ = {
			isa = PBXGroup;
			children = (
				36994F38151C7A4300D9CD0D /* MINetworkViewController.h */,
				36994F39151C7A4300D9CD0D /* MINetworkViewController.m */,
				36994F3A151C7A4300D9CD0D /* MINetworkViewController.xib */,
			);
			name = MyNetwork;
			sourceTree = "<group>";
		};
		36994F3D151C7A4F00D9CD0D /* NetworkToFB */ = {
			isa = PBXGroup;
			children = (
				36994F3E151C7A6700D9CD0D /* NetworkToFBViewController.h */,
				36994F3F151C7A6700D9CD0D /* NetworkToFBViewController.m */,
				36994F40151C7A6700D9CD0D /* NetworkToFBViewController.xib */,
			);
			name = NetworkToFB;
			sourceTree = "<group>";
		};
		36994F43151C7A6D00D9CD0D /* PokeFriends */ = {
			isa = PBXGroup;
			children = (
				36994F44151C7A8300D9CD0D /* PokeFriendViewController.h */,
				36994F45151C7A8300D9CD0D /* PokeFriendViewController.m */,
				36994F46151C7A8300D9CD0D /* PokeFriendViewController.xib */,
			);
			name = PokeFriends;
			sourceTree = "<group>";
		};
		36994F49151C7AA900D9CD0D /* UpdateScreen */ = {
			isa = PBXGroup;
			children = (
				36994F4A151C7ABA00D9CD0D /* UpdatingPage.h */,
				36994F4B151C7ABA00D9CD0D /* UpdatingPage.m */,
				36994F4C151C7ABA00D9CD0D /* UpdatingPage.xib */,
			);
			name = UpdateScreen;
			sourceTree = "<group>";
		};
		36994F4F151C7AC200D9CD0D /* UpdateStatistics */ = {
			isa = PBXGroup;
			children = (
				36994F50151C7E2000D9CD0D /* UpdateStatistics.h */,
				36994F51151C7E2000D9CD0D /* UpdateStatistics.m */,
				36994F52151C7E2000D9CD0D /* UpdateStatistics.xib */,
			);
			name = UpdateStatistics;
			sourceTree = "<group>";
		};
		36994F55151C7E2A00D9CD0D /* UserRegistration */ = {
			isa = PBXGroup;
			children = (
				36994F56151C7E3C00D9CD0D /* UserRegistration.h */,
				36994F57151C7E3C00D9CD0D /* UserRegistration.m */,
				36994F58151C7E3C00D9CD0D /* UserRegistration.xib */,
			);
			name = UserRegistration;
			sourceTree = "<group>";
		};
		36994F5B151C7E4D00D9CD0D /* WhoIsNear */ = {
			isa = PBXGroup;
			children = (
				36994F5C151C7E5C00D9CD0D /* WhoIsNearViewController.h */,
				36994F5D151C7E5C00D9CD0D /* WhoIsNearViewController.m */,
				36994F5E151C7E5C00D9CD0D /* WhoIsNearViewController.xib */,
			);
			name = WhoIsNear;
			sourceTree = "<group>";
		};
		A15B5E5115199CF0000BD308 /* SplashScreen */ = {
			isa = PBXGroup;
			children = (
				A15B5E4B15199CE5000BD308 /* SplashScreen.h */,
				A15B5E4C15199CE5000BD308 /* SplashScreen.m */,
				A15B5E4D15199CE5000BD308 /* SplashScreen.xib */,
			);
			name = SplashScreen;
			sourceTree = "<group>";
		};
/* End PBXGroup section */

/* Begin PBXNativeTarget section */
		36116C431518ED350007A301 /* SoFit */ = {
			isa = PBXNativeTarget;
			buildConfigurationList = 36116C5C1518ED350007A301 /* Build configuration list for PBXNativeTarget "SoFit" */;
			buildPhases = (
				36116C401518ED350007A301 /* Sources */,
				36116C411518ED350007A301 /* Frameworks */,
				36116C421518ED350007A301 /* Resources */,
			);
			buildRules = (
			);
			dependencies = (
			);
			name = SoFit;
			productName = SoFit;
			productReference = 36116C441518ED350007A301 /* SoFit.app */;
			productType = "com.apple.product-type.application";
		};
/* End PBXNativeTarget section */

/* Begin PBXProject section */
		36116C3B1518ED340007A301 /* Project object */ = {
			isa = PBXProject;
			attributes = {
				LastUpgradeCheck = 0420;
				ORGANIZATIONNAME = cgvak;
			};
			buildConfigurationList = 36116C3E1518ED340007A301 /* Build configuration list for PBXProject "SoFit" */;
			compatibilityVersion = "Xcode 3.2";
			developmentRegion = English;
			hasScannedForEncodings = 0;
			knownRegions = (
				en,
			);
			mainGroup = 36116C391518ED340007A301;
			productRefGroup = 36116C451518ED350007A301 /* Products */;
			projectDirPath = "";
			projectRoot = "";
			targets = (
				36116C431518ED350007A301 /* SoFit */,
			);
		};
/* End PBXProject section */

/* Begin PBXResourcesBuildPhase section */
		36116C421518ED350007A301 /* Resources */ = {
			isa = PBXResourcesBuildPhase;
			buildActionMask = 2147483647;
			files = (
				36116C531518ED350007A301 /* InfoPlist.strings in Resources */,
				A15B5E4F15199CE5000BD308 /* SplashScreen.xib in Resources */,
				362A99EA1519E50C00A390D4 /* WaazAppLogo.png in Resources */,
				362A99EB1519E50C00A390D4 /* WaazAppRetina.png in Resources */,
				362A99F41519E57500A390D4 /* WorkOutRoutines.xib in Resources */,
				362A99FA1519EBFC00A390D4 /* WeightManagementCardio.xib in Resources */,
				362A9A10151A135700A390D4 /* UnCheck.png in Resources */,
				362A9A11151A135700A390D4 /* Check.png in Resources */,
				362A9A17151A175000A390D4 /* CardioWorkout.xib in Resources */,
				36994F1D151C793C00D9CD0D /* AboutWaazApp.xib in Resources */,
				36994F24151C79AD00D9CD0D /* ForgotPassword.xib in Resources */,
				36994F2A151C79D600D9CD0D /* GymLocatorViewController.xib in Resources */,
				36994F30151C79F800D9CD0D /* LetsGetStarted.xib in Resources */,
				36994F36151C7A1500D9CD0D /* LoginView.xib in Resources */,
				36994F3C151C7A4300D9CD0D /* MINetworkViewController.xib in Resources */,
				36994F42151C7A6700D9CD0D /* NetworkToFBViewController.xib in Resources */,
				36994F48151C7A8300D9CD0D /* PokeFriendViewController.xib in Resources */,
				36994F4E151C7ABA00D9CD0D /* UpdatingPage.xib in Resources */,
				36994F54151C7E2000D9CD0D /* UpdateStatistics.xib in Resources */,
				36994F5A151C7E3C00D9CD0D /* UserRegistration.xib in Resources */,
				36994F60151C7E5C00D9CD0D /* WhoIsNearViewController.xib in Resources */,
			);
			runOnlyForDeploymentPostprocessing = 0;
		};
/* End PBXResourcesBuildPhase section */

/* Begin PBXSourcesBuildPhase section */
		36116C401518ED350007A301 /* Sources */ = {
			isa = PBXSourcesBuildPhase;
			buildActionMask = 2147483647;
			files = (
				36116C551518ED350007A301 /* main.m in Sources */,
				36116C591518ED350007A301 /* AppDelegate.m in Sources */,
				A15B5E4E15199CE5000BD308 /* SplashScreen.m in Sources */,
				362A99F31519E57500A390D4 /* WorkOutRoutines.m in Sources */,
				362A99F91519EBFC00A390D4 /* WeightManagementCardio.m in Sources */,
				362A9A011519FCE100A390D4 /* TestFormattingClass.m in Sources */,
				362A9A16151A175000A390D4 /* CardioWorkout.m in Sources */,
				36994F1C151C793C00D9CD0D /* AboutWaazApp.m in Sources */,
				36994F23151C79AD00D9CD0D /* ForgotPassword.m in Sources */,
				36994F29151C79D600D9CD0D /* GymLocatorViewController.m in Sources */,
				36994F2F151C79F800D9CD0D /* LetsGetStarted.m in Sources */,
				36994F35151C7A1500D9CD0D /* LoginView.m in Sources */,
				36994F3B151C7A4300D9CD0D /* MINetworkViewController.m in Sources */,
				36994F41151C7A6700D9CD0D /* NetworkToFBViewController.m in Sources */,
				36994F47151C7A8300D9CD0D /* PokeFriendViewController.m in Sources */,
				36994F4D151C7ABA00D9CD0D /* UpdatingPage.m in Sources */,
				36994F53151C7E2000D9CD0D /* UpdateStatistics.m in Sources */,
				36994F59151C7E3C00D9CD0D /* UserRegistration.m in Sources */,
				36994F5F151C7E5C00D9CD0D /* WhoIsNearViewController.m in Sources */,
			);
			runOnlyForDeploymentPostprocessing = 0;
		};
/* End PBXSourcesBuildPhase section */

/* Begin PBXVariantGroup section */
		36116C511518ED350007A301 /* InfoPlist.strings */ = {
			isa = PBXVariantGroup;
			children = (
				36116C521518ED350007A301 /* en */,
			);
			name = InfoPlist.strings;
			sourceTree = "<group>";
		};
/* End PBXVariantGroup section */

/* Begin XCBuildConfiguration section */
		36116C5A1518ED350007A301 /* Debug */ = {
			isa = XCBuildConfiguration;
			buildSettings = {
				ALWAYS_SEARCH_USER_PATHS = NO;
				ARCHS = "$(ARCHS_STANDARD_32_BIT)";
				CLANG_ENABLE_OBJC_ARC = YES;
				"CODE_SIGN_IDENTITY[sdk=iphoneos*]" = "iPhone Developer";
				COPY_PHASE_STRIP = NO;
				GCC_C_LANGUAGE_STANDARD = gnu99;
				GCC_DYNAMIC_NO_PIC = NO;
				GCC_OPTIMIZATION_LEVEL = 0;
				GCC_PREPROCESSOR_DEFINITIONS = (
					"DEBUG=1",
					"$(inherited)",
				);
				GCC_SYMBOLS_PRIVATE_EXTERN = NO;
				GCC_VERSION = com.apple.compilers.llvm.clang.1_0;
				GCC_WARN_ABOUT_MISSING_PROTOTYPES = YES;
				GCC_WARN_ABOUT_RETURN_TYPE = YES;
				GCC_WARN_UNUSED_VARIABLE = YES;
				IPHONEOS_DEPLOYMENT_TARGET = 5.0;
				SDKROOT = iphoneos;
			};
			name = Debug;
		};
		36116C5B1518ED350007A301 /* Release */ = {
			isa = XCBuildConfiguration;
			buildSettings = {
				ALWAYS_SEARCH_USER_PATHS = NO;
				ARCHS = "$(ARCHS_STANDARD_32_BIT)";
				CLANG_ENABLE_OBJC_ARC = YES;
				"CODE_SIGN_IDENTITY[sdk=iphoneos*]" = "iPhone Developer";
				COPY_PHASE_STRIP = YES;
				GCC_C_LANGUAGE_STANDARD = gnu99;
				GCC_VERSION = com.apple.compilers.llvm.clang.1_0;
				GCC_WARN_ABOUT_MISSING_PROTOTYPES = YES;
				GCC_WARN_ABOUT_RETURN_TYPE = YES;
				GCC_WARN_UNUSED_VARIABLE = YES;
				IPHONEOS_DEPLOYMENT_TARGET = 5.0;
				OTHER_CFLAGS = "-DNS_BLOCK_ASSERTIONS=1";
				SDKROOT = iphoneos;
				VALIDATE_PRODUCT = YES;
			};
			name = Release;
		};
		36116C5D1518ED350007A301 /* Debug */ = {
			isa = XCBuildConfiguration;
			buildSettings = {
				GCC_PRECOMPILE_PREFIX_HEADER = YES;
				GCC_PREFIX_HEADER = "SoFit/SoFit-Prefix.pch";
				INFOPLIST_FILE = "SoFit/SoFit-Info.plist";
				PRODUCT_NAME = "$(TARGET_NAME)";
				WRAPPER_EXTENSION = app;
			};
			name = Debug;
		};
		36116C5E1518ED350007A301 /* Release */ = {
			isa = XCBuildConfiguration;
			buildSettings = {
				GCC_PRECOMPILE_PREFIX_HEADER = YES;
				GCC_PREFIX_HEADER = "SoFit/SoFit-Prefix.pch";
				INFOPLIST_FILE = "SoFit/SoFit-Info.plist";
				PRODUCT_NAME = "$(TARGET_NAME)";
				WRAPPER_EXTENSION = app;
			};
			name = Release;
		};
/* End XCBuildConfiguration section */

/* Begin XCConfigurationList section */
		36116C3E1518ED340007A301 /* Build configuration list for PBXProject "SoFit" */ = {
			isa = XCConfigurationList;
			buildConfigurations = (
				36116C5A1518ED350007A301 /* Debug */,
				36116C5B1518ED350007A301 /* Release */,
			);
			defaultConfigurationIsVisible = 0;
			defaultConfigurationName = Release;
		};
		36116C5C1518ED350007A301 /* Build configuration list for PBXNativeTarget "SoFit" */ = {
			isa = XCConfigurationList;
			buildConfigurations = (
				36116C5D1518ED350007A301 /* Debug */,
				36116C5E1518ED350007A301 /* Release */,
			);
			defaultConfigurationIsVisible = 0;
			defaultConfigurationName = Release;
		};
/* End XCConfigurationList section */
	};
	rootObject = 36116C3B1518ED340007A301 /* Project object */;
}
